// !$*UTF8*$!
{
	archiveVersion = 1;
	classes = {
	};
	objectVersion = 48;
	objects = {

/* Begin PBXBuildFile section */
		05598190E811C6942ED1C8D0 /* Pods_VideoAPI.framework in Frameworks */ = {isa = PBXBuildFile; fileRef = F96BC2A1AA17B1B09ADFA6C6 /* Pods_VideoAPI.framework */; };
		43362DD01FFCC2EE00029DC3 /* VideoAPI.h in Headers */ = {isa = PBXBuildFile; fileRef = 43362DCE1FFCC2EE00029DC3 /* VideoAPI.h */; settings = {ATTRIBUTES = (Public, ); }; };
		43362DE71FFCC30600029DC3 /* APIConfig.swift in Sources */ = {isa = PBXBuildFile; fileRef = 43362DD81FFCC30600029DC3 /* APIConfig.swift */; };
		43362DE81FFCC30600029DC3 /* AuthHeaders.swift in Sources */ = {isa = PBXBuildFile; fileRef = 43362DD91FFCC30600029DC3 /* AuthHeaders.swift */; };
		43362DE91FFCC30600029DC3 /* ErrorResponse.swift in Sources */ = {isa = PBXBuildFile; fileRef = 43362DDA1FFCC30600029DC3 /* ErrorResponse.swift */; };
		43362DEA1FFCC30600029DC3 /* VimeoClient.swift in Sources */ = {isa = PBXBuildFile; fileRef = 43362DDB1FFCC30600029DC3 /* VimeoClient.swift */; };
		43362DEB1FFCC30600029DC3 /* CoreDataStack.swift in Sources */ = {isa = PBXBuildFile; fileRef = 43362DDD1FFCC30600029DC3 /* CoreDataStack.swift */; };
		43362DEC1FFCC30600029DC3 /* Video+CoreDataClass.swift in Sources */ = {isa = PBXBuildFile; fileRef = 43362DDE1FFCC30600029DC3 /* Video+CoreDataClass.swift */; };
		43362DED1FFCC30600029DC3 /* Video+CoreDataProperties.swift in Sources */ = {isa = PBXBuildFile; fileRef = 43362DDF1FFCC30600029DC3 /* Video+CoreDataProperties.swift */; };
		43362DEE1FFCC30600029DC3 /* Video.swift in Sources */ = {isa = PBXBuildFile; fileRef = 43362DE11FFCC30600029DC3 /* Video.swift */; };
		43362DF01FFCC30600029DC3 /* Model.h in Headers */ = {isa = PBXBuildFile; fileRef = 43362DE31FFCC30600029DC3 /* Model.h */; };
		43362DF11FFCC30600029DC3 /* BaseRouter.swift in Sources */ = {isa = PBXBuildFile; fileRef = 43362DE51FFCC30600029DC3 /* BaseRouter.swift */; };
		43362DF21FFCC30600029DC3 /* VimeoVideoRouter.swift in Sources */ = {isa = PBXBuildFile; fileRef = 43362DE61FFCC30600029DC3 /* VimeoVideoRouter.swift */; };
/* End PBXBuildFile section */

/* Begin PBXFileReference section */
		0407DD8B7984CE4E93AF1DDD /* Pods-VideoAPI.release.xcconfig */ = {isa = PBXFileReference; includeInIndex = 1; lastKnownFileType = text.xcconfig; name = "Pods-VideoAPI.release.xcconfig"; path = "Pods/Target Support Files/Pods-VideoAPI/Pods-VideoAPI.release.xcconfig"; sourceTree = "<group>"; };
		07CFB3C9ADC8935D802CC339 /* Pods-VideoAPI.debug.xcconfig */ = {isa = PBXFileReference; includeInIndex = 1; lastKnownFileType = text.xcconfig; name = "Pods-VideoAPI.debug.xcconfig"; path = "Pods/Target Support Files/Pods-VideoAPI/Pods-VideoAPI.debug.xcconfig"; sourceTree = "<group>"; };
		43362DCB1FFCC2EE00029DC3 /* VideoAPI.framework */ = {isa = PBXFileReference; explicitFileType = wrapper.framework; includeInIndex = 0; path = VideoAPI.framework; sourceTree = BUILT_PRODUCTS_DIR; };
		43362DCE1FFCC2EE00029DC3 /* VideoAPI.h */ = {isa = PBXFileReference; lastKnownFileType = sourcecode.c.h; path = VideoAPI.h; sourceTree = "<group>"; };
		43362DCF1FFCC2EE00029DC3 /* Info.plist */ = {isa = PBXFileReference; lastKnownFileType = text.plist.xml; path = Info.plist; sourceTree = "<group>"; };
		43362DD81FFCC30600029DC3 /* APIConfig.swift */ = {isa = PBXFileReference; fileEncoding = 4; lastKnownFileType = sourcecode.swift; path = APIConfig.swift; sourceTree = "<group>"; };
		43362DD91FFCC30600029DC3 /* AuthHeaders.swift */ = {isa = PBXFileReference; fileEncoding = 4; lastKnownFileType = sourcecode.swift; path = AuthHeaders.swift; sourceTree = "<group>"; };
		43362DDA1FFCC30600029DC3 /* ErrorResponse.swift */ = {isa = PBXFileReference; fileEncoding = 4; lastKnownFileType = sourcecode.swift; path = ErrorResponse.swift; sourceTree = "<group>"; };
		43362DDB1FFCC30600029DC3 /* VimeoClient.swift */ = {isa = PBXFileReference; fileEncoding = 4; lastKnownFileType = sourcecode.swift; path = VimeoClient.swift; sourceTree = "<group>"; };
		43362DDD1FFCC30600029DC3 /* CoreDataStack.swift */ = {isa = PBXFileReference; fileEncoding = 4; lastKnownFileType = sourcecode.swift; path = CoreDataStack.swift; sourceTree = "<group>"; };
		43362DDE1FFCC30600029DC3 /* Video+CoreDataClass.swift */ = {isa = PBXFileReference; fileEncoding = 4; lastKnownFileType = sourcecode.swift; path = "Video+CoreDataClass.swift"; sourceTree = "<group>"; };
		43362DDF1FFCC30600029DC3 /* Video+CoreDataProperties.swift */ = {isa = PBXFileReference; fileEncoding = 4; lastKnownFileType = sourcecode.swift; path = "Video+CoreDataProperties.swift"; sourceTree = "<group>"; };
		43362DE11FFCC30600029DC3 /* Video.swift */ = {isa = PBXFileReference; fileEncoding = 4; lastKnownFileType = sourcecode.swift; path = Video.swift; sourceTree = "<group>"; };
		43362DE31FFCC30600029DC3 /* Model.h */ = {isa = PBXFileReference; fileEncoding = 4; lastKnownFileType = sourcecode.c.h; path = Model.h; sourceTree = "<group>"; };
		43362DE51FFCC30600029DC3 /* BaseRouter.swift */ = {isa = PBXFileReference; fileEncoding = 4; lastKnownFileType = sourcecode.swift; path = BaseRouter.swift; sourceTree = "<group>"; };
		43362DE61FFCC30600029DC3 /* VimeoVideoRouter.swift */ = {isa = PBXFileReference; fileEncoding = 4; lastKnownFileType = sourcecode.swift; path = VimeoVideoRouter.swift; sourceTree = "<group>"; };
		F96BC2A1AA17B1B09ADFA6C6 /* Pods_VideoAPI.framework */ = {isa = PBXFileReference; explicitFileType = wrapper.framework; includeInIndex = 0; path = Pods_VideoAPI.framework; sourceTree = BUILT_PRODUCTS_DIR; };
/* End PBXFileReference section */

/* Begin PBXFrameworksBuildPhase section */
		43362DC71FFCC2EE00029DC3 /* Frameworks */ = {
			isa = PBXFrameworksBuildPhase;
			buildActionMask = 2147483647;
			files = (
				05598190E811C6942ED1C8D0 /* Pods_VideoAPI.framework in Frameworks */,
			);
			runOnlyForDeploymentPostprocessing = 0;
		};
/* End PBXFrameworksBuildPhase section */

/* Begin PBXGroup section */
		43362DC11FFCC2EE00029DC3 = {
			isa = PBXGroup;
			children = (
				43362DCD1FFCC2EE00029DC3 /* VideoAPI */,
				43362DCC1FFCC2EE00029DC3 /* Products */,
				97A4C3A0B481195259CF9A8B /* Pods */,
				47B9381C887F8D3DD4F8497F /* Frameworks */,
			);
			sourceTree = "<group>";
		};
		43362DCC1FFCC2EE00029DC3 /* Products */ = {
			isa = PBXGroup;
			children = (
				43362DCB1FFCC2EE00029DC3 /* VideoAPI.framework */,
			);
			name = Products;
			sourceTree = "<group>";
		};
		43362DCD1FFCC2EE00029DC3 /* VideoAPI */ = {
			isa = PBXGroup;
			children = (
				43362DD71FFCC30600029DC3 /* API */,
				43362DDC1FFCC30600029DC3 /* CoreDataClasses */,
				43362DE01FFCC30600029DC3 /* Entities */,
				43362DE41FFCC30600029DC3 /* Router */,
				43362DE31FFCC30600029DC3 /* Model.h */,
				43362DCE1FFCC2EE00029DC3 /* VideoAPI.h */,
				43362DCF1FFCC2EE00029DC3 /* Info.plist */,
			);
			path = VideoAPI;
			sourceTree = "<group>";
		};
		43362DD71FFCC30600029DC3 /* API */ = {
			isa = PBXGroup;
			children = (
				43362DD81FFCC30600029DC3 /* APIConfig.swift */,
				43362DD91FFCC30600029DC3 /* AuthHeaders.swift */,
				43362DDA1FFCC30600029DC3 /* ErrorResponse.swift */,
				43362DDB1FFCC30600029DC3 /* VimeoClient.swift */,
			);
			path = API;
			sourceTree = "<group>";
		};
		43362DDC1FFCC30600029DC3 /* CoreDataClasses */ = {
			isa = PBXGroup;
			children = (
				43362DDD1FFCC30600029DC3 /* CoreDataStack.swift */,
				43362DDE1FFCC30600029DC3 /* Video+CoreDataClass.swift */,
				43362DDF1FFCC30600029DC3 /* Video+CoreDataProperties.swift */,
			);
			path = CoreDataClasses;
			sourceTree = "<group>";
		};
		43362DE01FFCC30600029DC3 /* Entities */ = {
			isa = PBXGroup;
			children = (
				43362DE11FFCC30600029DC3 /* Video.swift */,
			);
			path = Entities;
			sourceTree = "<group>";
		};
		43362DE41FFCC30600029DC3 /* Router */ = {
			isa = PBXGroup;
			children = (
				43362DE51FFCC30600029DC3 /* BaseRouter.swift */,
				43362DE61FFCC30600029DC3 /* VimeoVideoRouter.swift */,
			);
			path = Router;
			sourceTree = "<group>";
		};
		47B9381C887F8D3DD4F8497F /* Frameworks */ = {
			isa = PBXGroup;
			children = (
				F96BC2A1AA17B1B09ADFA6C6 /* Pods_VideoAPI.framework */,
			);
			name = Frameworks;
			sourceTree = "<group>";
		};
		97A4C3A0B481195259CF9A8B /* Pods */ = {
			isa = PBXGroup;
			children = (
				07CFB3C9ADC8935D802CC339 /* Pods-VideoAPI.debug.xcconfig */,
				0407DD8B7984CE4E93AF1DDD /* Pods-VideoAPI.release.xcconfig */,
			);
			name = Pods;
			sourceTree = "<group>";
		};
/* End PBXGroup section */

/* Begin PBXHeadersBuildPhase section */
		43362DC81FFCC2EE00029DC3 /* Headers */ = {
			isa = PBXHeadersBuildPhase;
			buildActionMask = 2147483647;
			files = (
				43362DF01FFCC30600029DC3 /* Model.h in Headers */,
				43362DD01FFCC2EE00029DC3 /* VideoAPI.h in Headers */,
			);
			runOnlyForDeploymentPostprocessing = 0;
		};
/* End PBXHeadersBuildPhase section */

/* Begin PBXNativeTarget section */
		43362DCA1FFCC2EE00029DC3 /* VideoAPI */ = {
			isa = PBXNativeTarget;
			buildConfigurationList = 43362DD31FFCC2EE00029DC3 /* Build configuration list for PBXNativeTarget "VideoAPI" */;
			buildPhases = (
				DAE3C1546F8152921BDF2DF4 /* [CP] Check Pods Manifest.lock */,
				43362DC61FFCC2EE00029DC3 /* Sources */,
				43362DC71FFCC2EE00029DC3 /* Frameworks */,
				43362DC81FFCC2EE00029DC3 /* Headers */,
				43362DC91FFCC2EE00029DC3 /* Resources */,
				5134969F27C8DF031C216FBD /* [CP] Copy Pods Resources */,
			);
			buildRules = (
			);
			dependencies = (
			);
			name = VideoAPI;
			productName = VideoAPI;
			productReference = 43362DCB1FFCC2EE00029DC3 /* VideoAPI.framework */;
			productType = "com.apple.product-type.framework";
		};
/* End PBXNativeTarget section */

/* Begin PBXProject section */
		43362DC21FFCC2EE00029DC3 /* Project object */ = {
			isa = PBXProject;
			attributes = {
				LastUpgradeCheck = 0910;
				ORGANIZATIONNAME = KarticKhosla;
				TargetAttributes = {
					43362DCA1FFCC2EE00029DC3 = {
						CreatedOnToolsVersion = 9.1;
						ProvisioningStyle = Automatic;
					};
				};
			};
			buildConfigurationList = 43362DC51FFCC2EE00029DC3 /* Build configuration list for PBXProject "VideoAPI" */;
			compatibilityVersion = "Xcode 8.0";
			developmentRegion = en;
			hasScannedForEncodings = 0;
			knownRegions = (
				en,
			);
			mainGroup = 43362DC11FFCC2EE00029DC3;
			productRefGroup = 43362DCC1FFCC2EE00029DC3 /* Products */;
			projectDirPath = "";
			projectRoot = "";
			targets = (
				43362DCA1FFCC2EE00029DC3 /* VideoAPI */,
			);
		};
/* End PBXProject section */

/* Begin PBXResourcesBuildPhase section */
		43362DC91FFCC2EE00029DC3 /* Resources */ = {
			isa = PBXResourcesBuildPhase;
			buildActionMask = 2147483647;
			files = (
			);
			runOnlyForDeploymentPostprocessing = 0;
		};
/* End PBXResourcesBuildPhase section */

/* Begin PBXShellScriptBuildPhase section */
		5134969F27C8DF031C216FBD /* [CP] Copy Pods Resources */ = {
			isa = PBXShellScriptBuildPhase;
			buildActionMask = 2147483647;
			files = (
			);
			inputPaths = (
			);
			name = "[CP] Copy Pods Resources";
			outputPaths = (
			);
			runOnlyForDeploymentPostprocessing = 0;
			shellPath = /bin/sh;
			shellScript = "\"${SRCROOT}/Pods/Target Support Files/Pods-VideoAPI/Pods-VideoAPI-resources.sh\"\n";
			showEnvVarsInLog = 0;
		};
		DAE3C1546F8152921BDF2DF4 /* [CP] Check Pods Manifest.lock */ = {
			isa = PBXShellScriptBuildPhase;
			buildActionMask = 2147483647;
			files = (
			);
			inputPaths = (
				"${PODS_PODFILE_DIR_PATH}/Podfile.lock",
				"${PODS_ROOT}/Manifest.lock",
			);
			name = "[CP] Check Pods Manifest.lock";
			outputPaths = (
				"$(DERIVED_FILE_DIR)/Pods-VideoAPI-checkManifestLockResult.txt",
			);
			runOnlyForDeploymentPostprocessing = 0;
			shellPath = /bin/sh;
			shellScript = "diff \"${PODS_PODFILE_DIR_PATH}/Podfile.lock\" \"${PODS_ROOT}/Manifest.lock\" > /dev/null\nif [ $? != 0 ] ; then\n    # print error to STDERR\n    echo \"error: The sandbox is not in sync with the Podfile.lock. Run 'pod install' or update your CocoaPods installation.\" >&2\n    exit 1\nfi\n# This output is used by Xcode 'outputs' to avoid re-running this script phase.\necho \"SUCCESS\" > \"${SCRIPT_OUTPUT_FILE_0}\"\n";
			showEnvVarsInLog = 0;
		};
/* End PBXShellScriptBuildPhase section */

/* Begin PBXSourcesBuildPhase section */
		43362DC61FFCC2EE00029DC3 /* Sources */ = {
			isa = PBXSourcesBuildPhase;
			buildActionMask = 2147483647;
			files = (
				43362DEB1FFCC30600029DC3 /* CoreDataStack.swift in Sources */,
				43362DF11FFCC30600029DC3 /* BaseRouter.swift in Sources */,
				43362DED1FFCC30600029DC3 /* Video+CoreDataProperties.swift in Sources */,
				43362DF21FFCC30600029DC3 /* VimeoVideoRouter.swift in Sources */,
				43362DEC1FFCC30600029DC3 /* Video+CoreDataClass.swift in Sources */,
				43362DE91FFCC30600029DC3 /* ErrorResponse.swift in Sources */,
				43362DE81FFCC30600029DC3 /* AuthHeaders.swift in Sources */,
				43362DEE1FFCC30600029DC3 /* Video.swift in Sources */,
				43362DE71FFCC30600029DC3 /* APIConfig.swift in Sources */,
				43362DEA1FFCC30600029DC3 /* VimeoClient.swift in Sources */,
			);
			runOnlyForDeploymentPostprocessing = 0;
		};
/* End PBXSourcesBuildPhase section */

/* Begin XCBuildConfiguration section */
		43362DD11FFCC2EE00029DC3 /* Debug */ = {
			isa = XCBuildConfiguration;
			buildSettings = {
				ALWAYS_SEARCH_USER_PATHS = NO;
				CLANG_ANALYZER_NONNULL = YES;
				CLANG_ANALYZER_NUMBER_OBJECT_CONVERSION = YES_AGGRESSIVE;
				CLANG_CXX_LANGUAGE_STANDARD = "gnu++14";
				CLANG_CXX_LIBRARY = "libc++";
				CLANG_ENABLE_MODULES = YES;
				CLANG_ENABLE_OBJC_ARC = YES;
				CLANG_WARN_BLOCK_CAPTURE_AUTORELEASING = YES;
				CLANG_WARN_BOOL_CONVERSION = YES;
				CLANG_WARN_COMMA = YES;
				CLANG_WARN_CONSTANT_CONVERSION = YES;
				CLANG_WARN_DIRECT_OBJC_ISA_USAGE = YES_ERROR;
				CLANG_WARN_DOCUMENTATION_COMMENTS = YES;
				CLANG_WARN_EMPTY_BODY = YES;
				CLANG_WARN_ENUM_CONVERSION = YES;
				CLANG_WARN_INFINITE_RECURSION = YES;
				CLANG_WARN_INT_CONVERSION = YES;
				CLANG_WARN_NON_LITERAL_NULL_CONVERSION = YES;
				CLANG_WARN_OBJC_LITERAL_CONVERSION = YES;
				CLANG_WARN_OBJC_ROOT_CLASS = YES_ERROR;
				CLANG_WARN_RANGE_LOOP_ANALYSIS = YES;
				CLANG_WARN_STRICT_PROTOTYPES = YES;
				CLANG_WARN_SUSPICIOUS_MOVE = YES;
				CLANG_WARN_UNGUARDED_AVAILABILITY = YES_AGGRESSIVE;
				CLANG_WARN_UNREACHABLE_CODE = YES;
				CLANG_WARN__DUPLICATE_METHOD_MATCH = YES;
				CODE_SIGN_IDENTITY = "iPhone Developer";
				COPY_PHASE_STRIP = NO;
				CURRENT_PROJECT_VERSION = 1;
				DEBUG_INFORMATION_FORMAT = dwarf;
				ENABLE_STRICT_OBJC_MSGSEND = YES;
				ENABLE_TESTABILITY = YES;
				GCC_C_LANGUAGE_STANDARD = gnu11;
				GCC_DYNAMIC_NO_PIC = NO;
				GCC_NO_COMMON_BLOCKS = YES;
				GCC_OPTIMIZATION_LEVEL = 0;
				GCC_PREPROCESSOR_DEFINITIONS = (
					"DEBUG=1",
					"$(inherited)",
				);
				GCC_WARN_64_TO_32_BIT_CONVERSION = YES;
				GCC_WARN_ABOUT_RETURN_TYPE = YES_ERROR;
				GCC_WARN_UNDECLARED_SELECTOR = YES;
				GCC_WARN_UNINITIALIZED_AUTOS = YES_AGGRESSIVE;
				GCC_WARN_UNUSED_FUNCTION = YES;
				GCC_WARN_UNUSED_VARIABLE = YES;
				IPHONEOS_DEPLOYMENT_TARGET = 11.1;
				MTL_ENABLE_DEBUG_INFO = YES;
				ONLY_ACTIVE_ARCH = YES;
				SDKROOT = iphoneos;
				SWIFT_ACTIVE_COMPILATION_CONDITIONS = DEBUG;
				SWIFT_OPTIMIZATION_LEVEL = "-Onone";
				VERSIONING_SYSTEM = "apple-generic";
				VERSION_INFO_PREFIX = "";
			};
			name = Debug;
		};
		43362DD21FFCC2EE00029DC3 /* Release */ = {
			isa = XCBuildConfiguration;
			buildSettings = {
				ALWAYS_SEARCH_USER_PATHS = NO;
				CLANG_ANALYZER_NONNULL = YES;
				CLANG_ANALYZER_NUMBER_OBJECT_CONVERSION = YES_AGGRESSIVE;
				CLANG_CXX_LANGUAGE_STANDARD = "gnu++14";
				CLANG_CXX_LIBRARY = "libc++";
				CLANG_ENABLE_MODULES = YES;
				CLANG_ENABLE_OBJC_ARC = YES;
				CLANG_WARN_BLOCK_CAPTURE_AUTORELEASING = YES;
				CLANG_WARN_BOOL_CONVERSION = YES;
				CLANG_WARN_COMMA = YES;
				CLANG_WARN_CONSTANT_CONVERSION = YES;
				CLANG_WARN_DIRECT_OBJC_ISA_USAGE = YES_ERROR;
				CLANG_WARN_DOCUMENTATION_COMMENTS = YES;
				CLANG_WARN_EMPTY_BODY = YES;
				CLANG_WARN_ENUM_CONVERSION = YES;
				CLANG_WARN_INFINITE_RECURSION = YES;
				CLANG_WARN_INT_CONVERSION = YES;
				CLANG_WARN_NON_LITERAL_NULL_CONVERSION = YES;
				CLANG_WARN_OBJC_LITERAL_CONVERSION = YES;
				CLANG_WARN_OBJC_ROOT_CLASS = YES_ERROR;
				CLANG_WARN_RANGE_LOOP_ANALYSIS = YES;
				CLANG_WARN_STRICT_PROTOTYPES = YES;
				CLANG_WARN_SUSPICIOUS_MOVE = YES;
				CLANG_WARN_UNGUARDED_AVAILABILITY = YES_AGGRESSIVE;
				CLANG_WARN_UNREACHABLE_CODE = YES;
				CLANG_WARN__DUPLICATE_METHOD_MATCH = YES;
				CODE_SIGN_IDENTITY = "iPhone Developer";
				COPY_PHASE_STRIP = NO;
				CURRENT_PROJECT_VERSION = 1;
				DEBUG_INFORMATION_FORMAT = "dwarf-with-dsym";
				ENABLE_NS_ASSERTIONS = NO;
				ENABLE_STRICT_OBJC_MSGSEND = YES;
				GCC_C_LANGUAGE_STANDARD = gnu11;
				GCC_NO_COMMON_BLOCKS = YES;
				GCC_WARN_64_TO_32_BIT_CONVERSION = YES;
				GCC_WARN_ABOUT_RETURN_TYPE = YES_ERROR;
				GCC_WARN_UNDECLARED_SELECTOR = YES;
				GCC_WARN_UNINITIALIZED_AUTOS = YES_AGGRESSIVE;
				GCC_WARN_UNUSED_FUNCTION = YES;
				GCC_WARN_UNUSED_VARIABLE = YES;
				IPHONEOS_DEPLOYMENT_TARGET = 11.1;
				MTL_ENABLE_DEBUG_INFO = NO;
				SDKROOT = iphoneos;
				SWIFT_OPTIMIZATION_LEVEL = "-Owholemodule";
				VALIDATE_PRODUCT = YES;
				VERSIONING_SYSTEM = "apple-generic";
				VERSION_INFO_PREFIX = "";
			};
			name = Release;
		};
		43362DD41FFCC2EE00029DC3 /* Debug */ = {
			isa = XCBuildConfiguration;
			baseConfigurationReference = 07CFB3C9ADC8935D802CC339 /* Pods-VideoAPI.debug.xcconfig */;
			buildSettings = {
				CODE_SIGN_IDENTITY = "";
				CODE_SIGN_STYLE = Automatic;
				DEFINES_MODULE = YES;
				DEVELOPMENT_TEAM = C9WMYZ236N;
				DYLIB_COMPATIBILITY_VERSION = 1;
				DYLIB_CURRENT_VERSION = 1;
				DYLIB_INSTALL_NAME_BASE = "@rpath";
				INFOPLIST_FILE = VideoAPI/Info.plist;
				INSTALL_PATH = "$(LOCAL_LIBRARY_DIR)/Frameworks";
				LD_RUNPATH_SEARCH_PATHS = "$(inherited) @executable_path/Frameworks @loader_path/Frameworks";
				PRODUCT_BUNDLE_IDENTIFIER = KarticKhosla.VideoAPI;
				PRODUCT_NAME = "$(TARGET_NAME:c99extidentifier)";
				SKIP_INSTALL = YES;
				SWIFT_VERSION = 4.0;
				TARGETED_DEVICE_FAMILY = "1,2";
			};
			name = Debug;
		};
		43362DD51FFCC2EE00029DC3 /* Release */ = {
			isa = XCBuildConfiguration;
			baseConfigurationReference = 0407DD8B7984CE4E93AF1DDD /* Pods-VideoAPI.release.xcconfig */;
			buildSettings = {
				CODE_SIGN_IDENTITY = "";
				CODE_SIGN_STYLE = Automatic;
				DEFINES_MODULE = YES;
				DEVELOPMENT_TEAM = C9WMYZ236N;
				DYLIB_COMPATIBILITY_VERSION = 1;
				DYLIB_CURRENT_VERSION = 1;
				DYLIB_INSTALL_NAME_BASE = "@rpath";
				INFOPLIST_FILE = VideoAPI/Info.plist;
				INSTALL_PATH = "$(LOCAL_LIBRARY_DIR)/Frameworks";
				LD_RUNPATH_SEARCH_PATHS = "$(inherited) @executable_path/Frameworks @loader_path/Frameworks";
				PRODUCT_BUNDLE_IDENTIFIER = KarticKhosla.VideoAPI;
				PRODUCT_NAME = "$(TARGET_NAME:c99extidentifier)";
				SKIP_INSTALL = YES;
				SWIFT_VERSION = 4.0;
				TARGETED_DEVICE_FAMILY = "1,2";
			};
			name = Release;
		};
/* End XCBuildConfiguration section */

/* Begin XCConfigurationList section */
		43362DC51FFCC2EE00029DC3 /* Build configuration list for PBXProject "VideoAPI" */ = {
			isa = XCConfigurationList;
			buildConfigurations = (
				43362DD11FFCC2EE00029DC3 /* Debug */,
				43362DD21FFCC2EE00029DC3 /* Release */,
			);
			defaultConfigurationIsVisible = 0;
			defaultConfigurationName = Release;
		};
		43362DD31FFCC2EE00029DC3 /* Build configuration list for PBXNativeTarget "VideoAPI" */ = {
			isa = XCConfigurationList;
			buildConfigurations = (
				43362DD41FFCC2EE00029DC3 /* Debug */,
				43362DD51FFCC2EE00029DC3 /* Release */,
			);
			defaultConfigurationIsVisible = 0;
			defaultConfigurationName = Release;
		};
/* End XCConfigurationList section */
	};
	rootObject = 43362DC21FFCC2EE00029DC3 /* Project object */;
}
